
Microsoft Visual Studio Solution File, Format Version 12.00
# Visual Studio Version 16
VisualStudioVersion = 16.0.29613.14
MinimumVisualStudioVersion = 10.0.40219.1
Project("{9A19103F-16F7-4668-BE54-9A1E7A4F7556}") = "ItemService", "ItemService\ItemService.csproj", "{30A184AE-151A-455E-98B7-EB4FC806D5BE}"
EndProject
Project("{FAE04EC0-301F-11D3-BF4B-00C04F79EFBC}") = "OrderService", "OrderService\OrderService.csproj", "{E3046304-D7BD-4D84-9DF7-6B3C407AF5D0}"
EndProject
Project("{FAE04EC0-301F-11D3-BF4B-00C04F79EFBC}") = "GateWay", "GateWay\GateWay.csproj", "{10DDB6BA-2135-48B9-BF2B-987762F3854F}"
EndProject
Global
	GlobalSection(SolutionConfigurationPlatforms) = preSolution
		Debug|Any CPU = Debug|Any CPU
		Release|Any CPU = Release|Any CPU
	EndGlobalSection
	GlobalSection(ProjectConfigurationPlatforms) = postSolution
		{30A184AE-151A-455E-98B7-EB4FC806D5BE}.Debug|Any CPU.ActiveCfg = Debug|Any CPU
		{30A184AE-151A-455E-98B7-EB4FC806D5BE}.Debug|Any CPU.Build.0 = Debug|Any CPU
		{30A184AE-151A-455E-98B7-EB4FC806D5BE}.Release|Any CPU.ActiveCfg = Release|Any CPU
		{30A184AE-151A-455E-98B7-EB4FC806D5BE}.Release|Any CPU.Build.0 = Release|Any CPU
		{E3046304-D7BD-4D84-9DF7-6B3C407AF5D0}.Debug|Any CPU.ActiveCfg = Debug|Any CPU
		{E3046304-D7BD-4D84-9DF7-6B3C407AF5D0}.Debug|Any CPU.Build.0 = Debug|Any CPU
		{E3046304-D7BD-4D84-9DF7-6B3C407AF5D0}.Release|Any CPU.ActiveCfg = Release|Any CPU
		{E3046304-D7BD-4D84-9DF7-6B3C407AF5D0}.Release|Any CPU.Build.0 = Release|Any CPU
		{10DDB6BA-2135-48B9-BF2B-987762F3854F}.Debug|Any CPU.ActiveCfg = Debug|Any CPU
		{10DDB6BA-2135-48B9-BF2B-987762F3854F}.Debug|Any CPU.Build.0 = Debug|Any CPU
		{10DDB6BA-2135-48B9-BF2B-987762F3854F}.Release|Any CPU.ActiveCfg = Release|Any CPU
		{10DDB6BA-2135-48B9-BF2B-987762F3854F}.Release|Any CPU.Build.0 = Release|Any CPU
	EndGlobalSection
	GlobalSection(SolutionProperties) = preSolution
		HideSolutionNode = FALSE
	EndGlobalSection
	GlobalSection(ExtensibilityGlobals) = postSolution
		SolutionGuid = {1E281150-EE91-422E-96E3-833E045D7D4C}
	EndGlobalSection
EndGlobal
